// !$*UTF8*$!
{
	archiveVersion = 1;
	classes = {
	};
	objectVersion = 56;
	objects = {

/* Begin PBXBuildFile section */
		0301F89F2B7FAE93008BDC5E /* AWSAPIPlugin in Frameworks */ = {isa = PBXBuildFile; productRef = 0301F89E2B7FAE93008BDC5E /* AWSAPIPlugin */; };
		0301F8A12B7FAE93008BDC5E /* AWSCognitoAuthPlugin in Frameworks */ = {isa = PBXBuildFile; productRef = 0301F8A02B7FAE93008BDC5E /* AWSCognitoAuthPlugin */; };
		0301F8A32B7FAE93008BDC5E /* AWSS3StoragePlugin in Frameworks */ = {isa = PBXBuildFile; productRef = 0301F8A22B7FAE93008BDC5E /* AWSS3StoragePlugin */; };
		0301F8A52B7FAE93008BDC5E /* Amplify in Frameworks */ = {isa = PBXBuildFile; productRef = 0301F8A42B7FAE93008BDC5E /* Amplify */; };
		030315E12B246DA400D2044A /* Auction.swift in Sources */ = {isa = PBXBuildFile; fileRef = 030315E02B246DA400D2044A /* Auction.swift */; };
		03123C2C2B318D8300CD7FB5 /* infoAuctionsView.swift in Sources */ = {isa = PBXBuildFile; fileRef = 03123C2B2B318D8300CD7FB5 /* infoAuctionsView.swift */; };
		0322F2652B863DC800F359CC /* SessionManager.swift in Sources */ = {isa = PBXBuildFile; fileRef = 0322F2642B863DC800F359CC /* SessionManager.swift */; };
		032B9B762B2C4CBB005566A6 /* ProfileView.swift in Sources */ = {isa = PBXBuildFile; fileRef = 032B9B752B2C4CBB005566A6 /* ProfileView.swift */; };
		032B9B7A2B2C7585005566A6 /* EditProfileSheetView.swift in Sources */ = {isa = PBXBuildFile; fileRef = 032B9B792B2C7585005566A6 /* EditProfileSheetView.swift */; };
		032F929F2B7FAF69002621BD /* amplifyconfiguration.json in Resources */ = {isa = PBXBuildFile; fileRef = 032F929C2B7FAF69002621BD /* amplifyconfiguration.json */; };
		032F92A02B7FAF69002621BD /* amplify in Resources */ = {isa = PBXBuildFile; fileRef = 032F929D2B7FAF69002621BD /* amplify */; };
		032F92A12B7FAF69002621BD /* awsconfiguration.json in Resources */ = {isa = PBXBuildFile; fileRef = 032F929E2B7FAF69002621BD /* awsconfiguration.json */; };
		033825A82B260E23008AFC3D /* TabBarHomeView.swift in Sources */ = {isa = PBXBuildFile; fileRef = 033825A72B260E23008AFC3D /* TabBarHomeView.swift */; };
		033A76672B2DF36A0032052E /* NotificationView.swift in Sources */ = {isa = PBXBuildFile; fileRef = 033A76662B2DF36A0032052E /* NotificationView.swift */; };
		034606DE2B2F305700BA9295 /* Algorithms in Frameworks */ = {isa = PBXBuildFile; productRef = 034606DD2B2F305700BA9295 /* Algorithms */; };
		035872CD2B615E7E00C3AEFC /* Account.swift in Sources */ = {isa = PBXBuildFile; fileRef = 035872CC2B615E7E00C3AEFC /* Account.swift */; };
		035872CF2B61602600C3AEFC /* Seller.swift in Sources */ = {isa = PBXBuildFile; fileRef = 035872CE2B61602600C3AEFC /* Seller.swift */; };
		035872D12B61603500C3AEFC /* Buyer.swift in Sources */ = {isa = PBXBuildFile; fileRef = 035872D02B61603500C3AEFC /* Buyer.swift */; };
		035872D32B61615400C3AEFC /* Notification.swift in Sources */ = {isa = PBXBuildFile; fileRef = 035872D22B61615400C3AEFC /* Notification.swift */; };
		035872D52B61653A00C3AEFC /* SocialLink.swift in Sources */ = {isa = PBXBuildFile; fileRef = 035872D42B61653A00C3AEFC /* SocialLink.swift */; };
		035872D92B616D7200C3AEFC /* Bet.swift in Sources */ = {isa = PBXBuildFile; fileRef = 035872D82B616D7200C3AEFC /* Bet.swift */; };
		038407712B3F0C9000CD9501 /* CreateFixedTimeAuctionView.swift in Sources */ = {isa = PBXBuildFile; fileRef = 038407702B3F0C8F00CD9501 /* CreateFixedTimeAuctionView.swift */; };
		038407732B3F0CAF00CD9501 /* CreateIncrementalAuctionView.swift in Sources */ = {isa = PBXBuildFile; fileRef = 038407722B3F0CAF00CD9501 /* CreateIncrementalAuctionView.swift */; };
		038407752B3F0D0000CD9501 /* AuctionView.swift in Sources */ = {isa = PBXBuildFile; fileRef = 038407742B3F0D0000CD9501 /* AuctionView.swift */; };
		03A33EE72B2311DD00C5A302 /* SignUpView.swift in Sources */ = {isa = PBXBuildFile; fileRef = 03A33EE62B2311DD00C5A302 /* SignUpView.swift */; };
		03A6EE812B235D2500163DB6 /* TextField.swift in Sources */ = {isa = PBXBuildFile; fileRef = 03A6EE802B235D2500163DB6 /* TextField.swift */; };
		03A6EE832B235DBB00163DB6 /* SocialLogin.swift in Sources */ = {isa = PBXBuildFile; fileRef = 03A6EE822B235DBB00163DB6 /* SocialLogin.swift */; };
		2608821B2B6DA22500C67B9D /* SellerAPI.swift in Sources */ = {isa = PBXBuildFile; fileRef = 2608821A2B6DA22500C67B9D /* SellerAPI.swift */; };
		2608821D2B6DA43B00C67B9D /* BuyerAPI.swift in Sources */ = {isa = PBXBuildFile; fileRef = 2608821C2B6DA43B00C67B9D /* BuyerAPI.swift */; };
		2608821F2B6DA48400C67B9D /* NotificationAPI.swift in Sources */ = {isa = PBXBuildFile; fileRef = 2608821E2B6DA48400C67B9D /* NotificationAPI.swift */; };
		260882212B6DA4D300C67B9D /* SocialLinkAPI.swift in Sources */ = {isa = PBXBuildFile; fileRef = 260882202B6DA4D300C67B9D /* SocialLinkAPI.swift */; };
		260882232B6DA4E900C67B9D /* AuctionAPI.swift in Sources */ = {isa = PBXBuildFile; fileRef = 260882222B6DA4E900C67B9D /* AuctionAPI.swift */; };
		260882272B6DA55900C67B9D /* BetAPI.swift in Sources */ = {isa = PBXBuildFile; fileRef = 260882262B6DA55900C67B9D /* BetAPI.swift */; };
		260882292B6DAB8F00C67B9D /* ConfigurationNetworking.swift in Sources */ = {isa = PBXBuildFile; fileRef = 260882282B6DAB8F00C67B9D /* ConfigurationNetworking.swift */; };
		2608822B2B6DAD9800C67B9D /* AuthenticationAPI.swift in Sources */ = {isa = PBXBuildFile; fileRef = 2608822A2B6DAD9800C67B9D /* AuthenticationAPI.swift */; };
		260882362B6DBBBF00C67B9D /* AuthenticationRequest.swift in Sources */ = {isa = PBXBuildFile; fileRef = 2608822E2B6DBBBF00C67B9D /* AuthenticationRequest.swift */; };
		260882372B6DBBBF00C67B9D /* BetRequest.swift in Sources */ = {isa = PBXBuildFile; fileRef = 2608822F2B6DBBBF00C67B9D /* BetRequest.swift */; };
		260882392B6DBBBF00C67B9D /* NotificationRequest.swift in Sources */ = {isa = PBXBuildFile; fileRef = 260882312B6DBBBF00C67B9D /* NotificationRequest.swift */; };
		2608823A2B6DBBBF00C67B9D /* BuyerRequest.swift in Sources */ = {isa = PBXBuildFile; fileRef = 260882322B6DBBBF00C67B9D /* BuyerRequest.swift */; };
		2608823B2B6DBBBF00C67B9D /* SocialLinkRequest.swift in Sources */ = {isa = PBXBuildFile; fileRef = 260882332B6DBBBF00C67B9D /* SocialLinkRequest.swift */; };
		2608823C2B6DBBBF00C67B9D /* AuctionRequest.swift in Sources */ = {isa = PBXBuildFile; fileRef = 260882342B6DBBBF00C67B9D /* AuctionRequest.swift */; };
		2608823D2B6DBBBF00C67B9D /* SellerRequest.swift in Sources */ = {isa = PBXBuildFile; fileRef = 260882352B6DBBBF00C67B9D /* SellerRequest.swift */; };
		260882412B6DD1EC00C67B9D /* AccountAPI.swift in Sources */ = {isa = PBXBuildFile; fileRef = 260882402B6DD1EC00C67B9D /* AccountAPI.swift */; };
		260882432B6DD36600C67B9D /* Utils.swift in Sources */ = {isa = PBXBuildFile; fileRef = 260882422B6DD36600C67B9D /* Utils.swift */; };
		2620C0202B6176A800B9DC44 /* CreateFixedTimeAuctionViewModel.swift in Sources */ = {isa = PBXBuildFile; fileRef = 2620C01F2B6176A800B9DC44 /* CreateFixedTimeAuctionViewModel.swift */; };
		2620C0222B6176F500B9DC44 /* CreateIncrementalAuctionViewModel.swift in Sources */ = {isa = PBXBuildFile; fileRef = 2620C0212B6176F500B9DC44 /* CreateIncrementalAuctionViewModel.swift */; };
		2620C0242B61832300B9DC44 /* AuctionViewModel.swift in Sources */ = {isa = PBXBuildFile; fileRef = 2620C0232B61832300B9DC44 /* AuctionViewModel.swift */; };
		2620C0262B61839C00B9DC44 /* NotificationViewModel.swift in Sources */ = {isa = PBXBuildFile; fileRef = 2620C0252B61839C00B9DC44 /* NotificationViewModel.swift */; };
		2620C0282B6183B100B9DC44 /* ProfileViewModel.swift in Sources */ = {isa = PBXBuildFile; fileRef = 2620C0272B6183B100B9DC44 /* ProfileViewModel.swift */; };
		2620C02A2B6183C300B9DC44 /* EditProfileViewModel.swift in Sources */ = {isa = PBXBuildFile; fileRef = 2620C0292B6183C300B9DC44 /* EditProfileViewModel.swift */; };
		2620C02C2B6183D500B9DC44 /* HomeViewModel.swift in Sources */ = {isa = PBXBuildFile; fileRef = 2620C02B2B6183D500B9DC44 /* HomeViewModel.swift */; };
		2620C02E2B6183EC00B9DC44 /* MyAuctionsViewModel.swift in Sources */ = {isa = PBXBuildFile; fileRef = 2620C02D2B6183EC00B9DC44 /* MyAuctionsViewModel.swift */; };
		2620C0302B6183FD00B9DC44 /* SettingsViewModel.swift in Sources */ = {isa = PBXBuildFile; fileRef = 2620C02F2B6183FD00B9DC44 /* SettingsViewModel.swift */; };
		2624AE9C2B6F3DF000EBDB88 /* AccountRequest.swift in Sources */ = {isa = PBXBuildFile; fileRef = 2624AE9B2B6F3DF000EBDB88 /* AccountRequest.swift */; };
		263BA78D2B9627C700DE0B68 /* SignUpViewModel.swift in Sources */ = {isa = PBXBuildFile; fileRef = 263BA78C2B9627C700DE0B68 /* SignUpViewModel.swift */; };
		2652882E2B30972C001A4AB9 /* SettingsView.swift in Sources */ = {isa = PBXBuildFile; fileRef = 2652882D2B30972C001A4AB9 /* SettingsView.swift */; };
		265976622B5AF4F500A6745A /* PersonalizedSheetView.swift in Sources */ = {isa = PBXBuildFile; fileRef = 265976612B5AF4F500A6745A /* PersonalizedSheetView.swift */; };
		266043542B9CBCA000FAC47A /* PhotoManager.swift in Sources */ = {isa = PBXBuildFile; fileRef = 266043532B9CBCA000FAC47A /* PhotoManager.swift */; };
		266BFA602B2275840063C68B /* DietiDeals24App.swift in Sources */ = {isa = PBXBuildFile; fileRef = 266BFA5F2B2275840063C68B /* DietiDeals24App.swift */; };
		266BFA622B2275840063C68B /* LoginView.swift in Sources */ = {isa = PBXBuildFile; fileRef = 266BFA612B2275840063C68B /* LoginView.swift */; };
		266BFA642B2275850063C68B /* Assets.xcassets in Resources */ = {isa = PBXBuildFile; fileRef = 266BFA632B2275850063C68B /* Assets.xcassets */; };
		266BFA672B2275850063C68B /* Preview Assets.xcassets in Resources */ = {isa = PBXBuildFile; fileRef = 266BFA662B2275850063C68B /* Preview Assets.xcassets */; };
		266BFA712B2275850063C68B /* DietiDeals24Tests.swift in Sources */ = {isa = PBXBuildFile; fileRef = 266BFA702B2275850063C68B /* DietiDeals24Tests.swift */; };
		268F43192B6D49C500F43B24 /* Alamofire in Frameworks */ = {isa = PBXBuildFile; productRef = 268F43182B6D49C500F43B24 /* Alamofire */; };
		26B510252BBDCBD8002D6FFE /* ImagePicker.swift in Sources */ = {isa = PBXBuildFile; fileRef = 26B510242BBDCBD8002D6FFE /* ImagePicker.swift */; };
		26B510272BBDCE93002D6FFE /* LoginViewModel.swift in Sources */ = {isa = PBXBuildFile; fileRef = 26B510262BBDCE93002D6FFE /* LoginViewModel.swift */; };
		26B65A212B6BF50C00FED1CB /* HomeView.swift in Sources */ = {isa = PBXBuildFile; fileRef = 26B65A202B6BF50B00FED1CB /* HomeView.swift */; };
		26D219872B26164600942747 /* MyAuctionsView.swift in Sources */ = {isa = PBXBuildFile; fileRef = 26D219862B26164600942747 /* MyAuctionsView.swift */; };
		26DEF6FF2B237B8000700AC1 /* Buttons.swift in Sources */ = {isa = PBXBuildFile; fileRef = 26DEF6FE2B237B8000700AC1 /* Buttons.swift */; };
/* End PBXBuildFile section */

/* Begin PBXContainerItemProxy section */
		266BFA6D2B2275850063C68B /* PBXContainerItemProxy */ = {
			isa = PBXContainerItemProxy;
			containerPortal = 266BFA542B2275830063C68B /* Project object */;
			proxyType = 1;
			remoteGlobalIDString = 266BFA5B2B2275840063C68B;
			remoteInfo = DietiDeals24X;
		};
		266BFA772B2275850063C68B /* PBXContainerItemProxy */ = {
			isa = PBXContainerItemProxy;
			containerPortal = 266BFA542B2275830063C68B /* Project object */;
			proxyType = 1;
			remoteGlobalIDString = 266BFA5B2B2275840063C68B;
			remoteInfo = DietiDeals24X;
		};
/* End PBXContainerItemProxy section */

/* Begin PBXFileReference section */
		030315E02B246DA400D2044A /* Auction.swift */ = {isa = PBXFileReference; lastKnownFileType = sourcecode.swift; path = Auction.swift; sourceTree = "<group>"; };
		03123C2B2B318D8300CD7FB5 /* infoAuctionsView.swift */ = {isa = PBXFileReference; lastKnownFileType = sourcecode.swift; path = infoAuctionsView.swift; sourceTree = "<group>"; };
		0322F2642B863DC800F359CC /* SessionManager.swift */ = {isa = PBXFileReference; lastKnownFileType = sourcecode.swift; path = SessionManager.swift; sourceTree = "<group>"; };
		032B9B752B2C4CBB005566A6 /* ProfileView.swift */ = {isa = PBXFileReference; lastKnownFileType = sourcecode.swift; path = ProfileView.swift; sourceTree = "<group>"; };
		032B9B792B2C7585005566A6 /* EditProfileSheetView.swift */ = {isa = PBXFileReference; lastKnownFileType = sourcecode.swift; path = EditProfileSheetView.swift; sourceTree = "<group>"; };
		032F929C2B7FAF69002621BD /* amplifyconfiguration.json */ = {isa = PBXFileReference; fileEncoding = 4; lastKnownFileType = text.json; path = amplifyconfiguration.json; sourceTree = "<group>"; };
		032F929D2B7FAF69002621BD /* amplify */ = {isa = PBXFileReference; lastKnownFileType = folder; path = amplify; sourceTree = "<group>"; };
		032F929E2B7FAF69002621BD /* awsconfiguration.json */ = {isa = PBXFileReference; fileEncoding = 4; lastKnownFileType = text.json; path = awsconfiguration.json; sourceTree = "<group>"; };
		033825A72B260E23008AFC3D /* TabBarHomeView.swift */ = {isa = PBXFileReference; lastKnownFileType = sourcecode.swift; path = TabBarHomeView.swift; sourceTree = "<group>"; };
		033A76662B2DF36A0032052E /* NotificationView.swift */ = {isa = PBXFileReference; lastKnownFileType = sourcecode.swift; path = NotificationView.swift; sourceTree = "<group>"; };
		035872CC2B615E7E00C3AEFC /* Account.swift */ = {isa = PBXFileReference; lastKnownFileType = sourcecode.swift; path = Account.swift; sourceTree = "<group>"; };
		035872CE2B61602600C3AEFC /* Seller.swift */ = {isa = PBXFileReference; lastKnownFileType = sourcecode.swift; path = Seller.swift; sourceTree = "<group>"; };
		035872D02B61603500C3AEFC /* Buyer.swift */ = {isa = PBXFileReference; lastKnownFileType = sourcecode.swift; path = Buyer.swift; sourceTree = "<group>"; };
		035872D22B61615400C3AEFC /* Notification.swift */ = {isa = PBXFileReference; lastKnownFileType = sourcecode.swift; path = Notification.swift; sourceTree = "<group>"; };
		035872D42B61653A00C3AEFC /* SocialLink.swift */ = {isa = PBXFileReference; lastKnownFileType = sourcecode.swift; path = SocialLink.swift; sourceTree = "<group>"; };
		035872D82B616D7200C3AEFC /* Bet.swift */ = {isa = PBXFileReference; lastKnownFileType = sourcecode.swift; path = Bet.swift; sourceTree = "<group>"; };
		038407702B3F0C8F00CD9501 /* CreateFixedTimeAuctionView.swift */ = {isa = PBXFileReference; lastKnownFileType = sourcecode.swift; path = CreateFixedTimeAuctionView.swift; sourceTree = "<group>"; };
		038407722B3F0CAF00CD9501 /* CreateIncrementalAuctionView.swift */ = {isa = PBXFileReference; lastKnownFileType = sourcecode.swift; path = CreateIncrementalAuctionView.swift; sourceTree = "<group>"; };
		038407742B3F0D0000CD9501 /* AuctionView.swift */ = {isa = PBXFileReference; lastKnownFileType = sourcecode.swift; path = AuctionView.swift; sourceTree = "<group>"; };
		03A33EE62B2311DD00C5A302 /* SignUpView.swift */ = {isa = PBXFileReference; lastKnownFileType = sourcecode.swift; path = SignUpView.swift; sourceTree = "<group>"; };
		03A6EE802B235D2500163DB6 /* TextField.swift */ = {isa = PBXFileReference; lastKnownFileType = sourcecode.swift; path = TextField.swift; sourceTree = "<group>"; };
		03A6EE822B235DBB00163DB6 /* SocialLogin.swift */ = {isa = PBXFileReference; lastKnownFileType = sourcecode.swift; path = SocialLogin.swift; sourceTree = "<group>"; };
		2608821A2B6DA22500C67B9D /* SellerAPI.swift */ = {isa = PBXFileReference; lastKnownFileType = sourcecode.swift; path = SellerAPI.swift; sourceTree = "<group>"; };
		2608821C2B6DA43B00C67B9D /* BuyerAPI.swift */ = {isa = PBXFileReference; lastKnownFileType = sourcecode.swift; path = BuyerAPI.swift; sourceTree = "<group>"; };
		2608821E2B6DA48400C67B9D /* NotificationAPI.swift */ = {isa = PBXFileReference; lastKnownFileType = sourcecode.swift; path = NotificationAPI.swift; sourceTree = "<group>"; };
		260882202B6DA4D300C67B9D /* SocialLinkAPI.swift */ = {isa = PBXFileReference; lastKnownFileType = sourcecode.swift; path = SocialLinkAPI.swift; sourceTree = "<group>"; };
		260882222B6DA4E900C67B9D /* AuctionAPI.swift */ = {isa = PBXFileReference; lastKnownFileType = sourcecode.swift; path = AuctionAPI.swift; sourceTree = "<group>"; };
		260882262B6DA55900C67B9D /* BetAPI.swift */ = {isa = PBXFileReference; lastKnownFileType = sourcecode.swift; path = BetAPI.swift; sourceTree = "<group>"; };
		260882282B6DAB8F00C67B9D /* ConfigurationNetworking.swift */ = {isa = PBXFileReference; lastKnownFileType = sourcecode.swift; path = ConfigurationNetworking.swift; sourceTree = "<group>"; };
		2608822A2B6DAD9800C67B9D /* AuthenticationAPI.swift */ = {isa = PBXFileReference; lastKnownFileType = sourcecode.swift; path = AuthenticationAPI.swift; sourceTree = "<group>"; };
		2608822E2B6DBBBF00C67B9D /* AuthenticationRequest.swift */ = {isa = PBXFileReference; fileEncoding = 4; lastKnownFileType = sourcecode.swift; path = AuthenticationRequest.swift; sourceTree = "<group>"; };
		2608822F2B6DBBBF00C67B9D /* BetRequest.swift */ = {isa = PBXFileReference; fileEncoding = 4; lastKnownFileType = sourcecode.swift; path = BetRequest.swift; sourceTree = "<group>"; };
		260882312B6DBBBF00C67B9D /* NotificationRequest.swift */ = {isa = PBXFileReference; fileEncoding = 4; lastKnownFileType = sourcecode.swift; path = NotificationRequest.swift; sourceTree = "<group>"; };
		260882322B6DBBBF00C67B9D /* BuyerRequest.swift */ = {isa = PBXFileReference; fileEncoding = 4; lastKnownFileType = sourcecode.swift; path = BuyerRequest.swift; sourceTree = "<group>"; };
		260882332B6DBBBF00C67B9D /* SocialLinkRequest.swift */ = {isa = PBXFileReference; fileEncoding = 4; lastKnownFileType = sourcecode.swift; path = SocialLinkRequest.swift; sourceTree = "<group>"; };
		260882342B6DBBBF00C67B9D /* AuctionRequest.swift */ = {isa = PBXFileReference; fileEncoding = 4; lastKnownFileType = sourcecode.swift; path = AuctionRequest.swift; sourceTree = "<group>"; };
		260882352B6DBBBF00C67B9D /* SellerRequest.swift */ = {isa = PBXFileReference; fileEncoding = 4; lastKnownFileType = sourcecode.swift; path = SellerRequest.swift; sourceTree = "<group>"; };
		260882402B6DD1EC00C67B9D /* AccountAPI.swift */ = {isa = PBXFileReference; lastKnownFileType = sourcecode.swift; path = AccountAPI.swift; sourceTree = "<group>"; };
		260882422B6DD36600C67B9D /* Utils.swift */ = {isa = PBXFileReference; lastKnownFileType = sourcecode.swift; path = Utils.swift; sourceTree = "<group>"; };
		2620C01F2B6176A800B9DC44 /* CreateFixedTimeAuctionViewModel.swift */ = {isa = PBXFileReference; lastKnownFileType = sourcecode.swift; path = CreateFixedTimeAuctionViewModel.swift; sourceTree = "<group>"; };
		2620C0212B6176F500B9DC44 /* CreateIncrementalAuctionViewModel.swift */ = {isa = PBXFileReference; lastKnownFileType = sourcecode.swift; path = CreateIncrementalAuctionViewModel.swift; sourceTree = "<group>"; };
		2620C0232B61832300B9DC44 /* AuctionViewModel.swift */ = {isa = PBXFileReference; lastKnownFileType = sourcecode.swift; path = AuctionViewModel.swift; sourceTree = "<group>"; };
		2620C0252B61839C00B9DC44 /* NotificationViewModel.swift */ = {isa = PBXFileReference; lastKnownFileType = sourcecode.swift; path = NotificationViewModel.swift; sourceTree = "<group>"; };
		2620C0272B6183B100B9DC44 /* ProfileViewModel.swift */ = {isa = PBXFileReference; lastKnownFileType = sourcecode.swift; path = ProfileViewModel.swift; sourceTree = "<group>"; };
		2620C0292B6183C300B9DC44 /* EditProfileViewModel.swift */ = {isa = PBXFileReference; lastKnownFileType = sourcecode.swift; path = EditProfileViewModel.swift; sourceTree = "<group>"; };
		2620C02B2B6183D500B9DC44 /* HomeViewModel.swift */ = {isa = PBXFileReference; lastKnownFileType = sourcecode.swift; path = HomeViewModel.swift; sourceTree = "<group>"; };
		2620C02D2B6183EC00B9DC44 /* MyAuctionsViewModel.swift */ = {isa = PBXFileReference; lastKnownFileType = sourcecode.swift; path = MyAuctionsViewModel.swift; sourceTree = "<group>"; };
		2620C02F2B6183FD00B9DC44 /* SettingsViewModel.swift */ = {isa = PBXFileReference; lastKnownFileType = sourcecode.swift; path = SettingsViewModel.swift; sourceTree = "<group>"; };
		2624AE9B2B6F3DF000EBDB88 /* AccountRequest.swift */ = {isa = PBXFileReference; lastKnownFileType = sourcecode.swift; path = AccountRequest.swift; sourceTree = "<group>"; };
		263BA78C2B9627C700DE0B68 /* SignUpViewModel.swift */ = {isa = PBXFileReference; lastKnownFileType = sourcecode.swift; path = SignUpViewModel.swift; sourceTree = "<group>"; };
		2652882D2B30972C001A4AB9 /* SettingsView.swift */ = {isa = PBXFileReference; lastKnownFileType = sourcecode.swift; path = SettingsView.swift; sourceTree = "<group>"; };
		265976612B5AF4F500A6745A /* PersonalizedSheetView.swift */ = {isa = PBXFileReference; lastKnownFileType = sourcecode.swift; path = PersonalizedSheetView.swift; sourceTree = "<group>"; };
		266043532B9CBCA000FAC47A /* PhotoManager.swift */ = {isa = PBXFileReference; lastKnownFileType = sourcecode.swift; path = PhotoManager.swift; sourceTree = "<group>"; };
		266BFA5C2B2275840063C68B /* DietiDeals24.app */ = {isa = PBXFileReference; explicitFileType = wrapper.application; includeInIndex = 0; path = DietiDeals24.app; sourceTree = BUILT_PRODUCTS_DIR; };
		266BFA5F2B2275840063C68B /* DietiDeals24App.swift */ = {isa = PBXFileReference; lastKnownFileType = sourcecode.swift; path = DietiDeals24App.swift; sourceTree = "<group>"; };
		266BFA612B2275840063C68B /* LoginView.swift */ = {isa = PBXFileReference; lastKnownFileType = sourcecode.swift; path = LoginView.swift; sourceTree = "<group>"; };
		266BFA632B2275850063C68B /* Assets.xcassets */ = {isa = PBXFileReference; lastKnownFileType = folder.assetcatalog; path = Assets.xcassets; sourceTree = "<group>"; };
		266BFA662B2275850063C68B /* Preview Assets.xcassets */ = {isa = PBXFileReference; lastKnownFileType = folder.assetcatalog; path = "Preview Assets.xcassets"; sourceTree = "<group>"; };
		266BFA6C2B2275850063C68B /* DietiDeals24Tests.xctest */ = {isa = PBXFileReference; explicitFileType = wrapper.cfbundle; includeInIndex = 0; path = DietiDeals24Tests.xctest; sourceTree = BUILT_PRODUCTS_DIR; };
		266BFA702B2275850063C68B /* DietiDeals24Tests.swift */ = {isa = PBXFileReference; lastKnownFileType = sourcecode.swift; path = DietiDeals24Tests.swift; sourceTree = "<group>"; };
		266BFA762B2275850063C68B /* DietiDeals24UITests.xctest */ = {isa = PBXFileReference; explicitFileType = wrapper.cfbundle; includeInIndex = 0; path = DietiDeals24UITests.xctest; sourceTree = BUILT_PRODUCTS_DIR; };
		26B510242BBDCBD8002D6FFE /* ImagePicker.swift */ = {isa = PBXFileReference; lastKnownFileType = sourcecode.swift; path = ImagePicker.swift; sourceTree = "<group>"; };
		26B510262BBDCE93002D6FFE /* LoginViewModel.swift */ = {isa = PBXFileReference; lastKnownFileType = sourcecode.swift; path = LoginViewModel.swift; sourceTree = "<group>"; };
		26B65A202B6BF50B00FED1CB /* HomeView.swift */ = {isa = PBXFileReference; fileEncoding = 4; lastKnownFileType = sourcecode.swift; path = HomeView.swift; sourceTree = "<group>"; };
		26D219862B26164600942747 /* MyAuctionsView.swift */ = {isa = PBXFileReference; lastKnownFileType = sourcecode.swift; path = MyAuctionsView.swift; sourceTree = "<group>"; };
		26DEF6FE2B237B8000700AC1 /* Buttons.swift */ = {isa = PBXFileReference; lastKnownFileType = sourcecode.swift; path = Buttons.swift; sourceTree = "<group>"; };
/* End PBXFileReference section */

/* Begin PBXFrameworksBuildPhase section */
		266BFA592B2275840063C68B /* Frameworks */ = {
			isa = PBXFrameworksBuildPhase;
			buildActionMask = 2147483647;
			files = (
				0301F8A32B7FAE93008BDC5E /* AWSS3StoragePlugin in Frameworks */,
				0301F89F2B7FAE93008BDC5E /* AWSAPIPlugin in Frameworks */,
				034606DE2B2F305700BA9295 /* Algorithms in Frameworks */,
				0301F8A52B7FAE93008BDC5E /* Amplify in Frameworks */,
				268F43192B6D49C500F43B24 /* Alamofire in Frameworks */,
				0301F8A12B7FAE93008BDC5E /* AWSCognitoAuthPlugin in Frameworks */,
			);
			runOnlyForDeploymentPostprocessing = 0;
		};
		266BFA692B2275850063C68B /* Frameworks */ = {
			isa = PBXFrameworksBuildPhase;
			buildActionMask = 2147483647;
			files = (
			);
			runOnlyForDeploymentPostprocessing = 0;
		};
		266BFA732B2275850063C68B /* Frameworks */ = {
			isa = PBXFrameworksBuildPhase;
			buildActionMask = 2147483647;
			files = (
			);
			runOnlyForDeploymentPostprocessing = 0;
		};
/* End PBXFrameworksBuildPhase section */

/* Begin PBXGroup section */
		030315DD2B246D4400D2044A /* ViewModels */ = {
			isa = PBXGroup;
			children = (
				2620C01A2B61756400B9DC44 /* Home */,
				2620C01B2B61757900B9DC44 /* Profile */,
				2620C01C2B61758800B9DC44 /* Notifications */,
				2620C01D2B6175F300B9DC44 /* Auctions */,
				2620C01E2B61761100B9DC44 /* CreateAuctions */,
				265B001D2BBDD1D100C03C1C /* LoginSignup */,
			);
			path = ViewModels;
			sourceTree = "<group>";
		};
		030315DE2B246D5700D2044A /* Models */ = {
			isa = PBXGroup;
			children = (
				035872CC2B615E7E00C3AEFC /* Account.swift */,
				035872CE2B61602600C3AEFC /* Seller.swift */,
				035872D02B61603500C3AEFC /* Buyer.swift */,
				035872D22B61615400C3AEFC /* Notification.swift */,
				035872D42B61653A00C3AEFC /* SocialLink.swift */,
				030315E02B246DA400D2044A /* Auction.swift */,
				035872D82B616D7200C3AEFC /* Bet.swift */,
			);
			path = Models;
			sourceTree = "<group>";
		};
		03123C2A2B31864200CD7FB5 /* Auctions */ = {
			isa = PBXGroup;
			children = (
				038407742B3F0D0000CD9501 /* AuctionView.swift */,
			);
			path = Auctions;
			sourceTree = "<group>";
		};
		03A6EE7B2B235A8600163DB6 /* LoginSignup */ = {
			isa = PBXGroup;
			children = (
				03A33EE62B2311DD00C5A302 /* SignUpView.swift */,
				266BFA612B2275840063C68B /* LoginView.swift */,
			);
			path = LoginSignup;
			sourceTree = "<group>";
		};
		03A6EE7C2B235C1000163DB6 /* Home */ = {
			isa = PBXGroup;
			children = (
				033825A72B260E23008AFC3D /* TabBarHomeView.swift */,
				26B65A202B6BF50B00FED1CB /* HomeView.swift */,
				26D219862B26164600942747 /* MyAuctionsView.swift */,
				2652882D2B30972C001A4AB9 /* SettingsView.swift */,
				03123C2B2B318D8300CD7FB5 /* infoAuctionsView.swift */,
			);
			path = Home;
			sourceTree = "<group>";
		};
		03A6EE7D2B235CD500163DB6 /* Components */ = {
			isa = PBXGroup;
			children = (
				03A6EE802B235D2500163DB6 /* TextField.swift */,
				03A6EE822B235DBB00163DB6 /* SocialLogin.swift */,
				26DEF6FE2B237B8000700AC1 /* Buttons.swift */,
				265976612B5AF4F500A6745A /* PersonalizedSheetView.swift */,
				26B510242BBDCBD8002D6FFE /* ImagePicker.swift */,
				260882422B6DD36600C67B9D /* Utils.swift */,
			);
			path = Components;
			sourceTree = "<group>";
		};
		03A6EE862B235ECD00163DB6 /* Notifications */ = {
			isa = PBXGroup;
			children = (
				033A76662B2DF36A0032052E /* NotificationView.swift */,
			);
			path = Notifications;
			sourceTree = "<group>";
		};
		03A6EE872B235EFC00163DB6 /* Profile */ = {
			isa = PBXGroup;
			children = (
				032B9B752B2C4CBB005566A6 /* ProfileView.swift */,
				032B9B792B2C7585005566A6 /* EditProfileSheetView.swift */,
			);
			path = Profile;
			sourceTree = "<group>";
		};
		03EF0F952B227803000D78F0 /* Views */ = {
			isa = PBXGroup;
			children = (
				03A6EE7C2B235C1000163DB6 /* Home */,
				03A6EE872B235EFC00163DB6 /* Profile */,
				03A6EE862B235ECD00163DB6 /* Notifications */,
				03123C2A2B31864200CD7FB5 /* Auctions */,
				266ADA3D2B5C25FD0001AC1C /* CreateAuctions */,
				03A6EE7B2B235A8600163DB6 /* LoginSignup */,
				03A6EE7D2B235CD500163DB6 /* Components */,
			);
			path = Views;
			sourceTree = "<group>";
		};
		260882162B6DA03900C67B9D /* Networking */ = {
			isa = PBXGroup;
			children = (
				2608822C2B6DB88500C67B9D /* ApiProtocol */,
				2608822D2B6DB8A400C67B9D /* Api */,
				260882282B6DAB8F00C67B9D /* ConfigurationNetworking.swift */,
			);
			path = Networking;
			sourceTree = "<group>";
		};
		2608822C2B6DB88500C67B9D /* ApiProtocol */ = {
			isa = PBXGroup;
			children = (
				260882402B6DD1EC00C67B9D /* AccountAPI.swift */,
				2608821A2B6DA22500C67B9D /* SellerAPI.swift */,
				2608821C2B6DA43B00C67B9D /* BuyerAPI.swift */,
				260882222B6DA4E900C67B9D /* AuctionAPI.swift */,
				260882202B6DA4D300C67B9D /* SocialLinkAPI.swift */,
				2608821E2B6DA48400C67B9D /* NotificationAPI.swift */,
				260882262B6DA55900C67B9D /* BetAPI.swift */,
				2608822A2B6DAD9800C67B9D /* AuthenticationAPI.swift */,
			);
			path = ApiProtocol;
			sourceTree = "<group>";
		};
		2608822D2B6DB8A400C67B9D /* Api */ = {
			isa = PBXGroup;
			children = (
				2624AE9B2B6F3DF000EBDB88 /* AccountRequest.swift */,
				260882352B6DBBBF00C67B9D /* SellerRequest.swift */,
				260882322B6DBBBF00C67B9D /* BuyerRequest.swift */,
				260882342B6DBBBF00C67B9D /* AuctionRequest.swift */,
				260882332B6DBBBF00C67B9D /* SocialLinkRequest.swift */,
				260882312B6DBBBF00C67B9D /* NotificationRequest.swift */,
				2608822F2B6DBBBF00C67B9D /* BetRequest.swift */,
				2608822E2B6DBBBF00C67B9D /* AuthenticationRequest.swift */,
			);
			path = Api;
			sourceTree = "<group>";
		};
		2620C01A2B61756400B9DC44 /* Home */ = {
			isa = PBXGroup;
			children = (
				2620C02B2B6183D500B9DC44 /* HomeViewModel.swift */,
				2620C02D2B6183EC00B9DC44 /* MyAuctionsViewModel.swift */,
				2620C02F2B6183FD00B9DC44 /* SettingsViewModel.swift */,
			);
			path = Home;
			sourceTree = "<group>";
		};
		2620C01B2B61757900B9DC44 /* Profile */ = {
			isa = PBXGroup;
			children = (
				2620C0272B6183B100B9DC44 /* ProfileViewModel.swift */,
				2620C0292B6183C300B9DC44 /* EditProfileViewModel.swift */,
			);
			path = Profile;
			sourceTree = "<group>";
		};
		2620C01C2B61758800B9DC44 /* Notifications */ = {
			isa = PBXGroup;
			children = (
				2620C0252B61839C00B9DC44 /* NotificationViewModel.swift */,
			);
			path = Notifications;
			sourceTree = "<group>";
		};
		2620C01D2B6175F300B9DC44 /* Auctions */ = {
			isa = PBXGroup;
			children = (
				2620C0232B61832300B9DC44 /* AuctionViewModel.swift */,
			);
			path = Auctions;
			sourceTree = "<group>";
		};
		2620C01E2B61761100B9DC44 /* CreateAuctions */ = {
			isa = PBXGroup;
			children = (
				2620C01F2B6176A800B9DC44 /* CreateFixedTimeAuctionViewModel.swift */,
				2620C0212B6176F500B9DC44 /* CreateIncrementalAuctionViewModel.swift */,
			);
			path = CreateAuctions;
			sourceTree = "<group>";
		};
		2624AE9A2B6F35BE00EBDB88 /* Source */ = {
			isa = PBXGroup;
			children = (
				260882162B6DA03900C67B9D /* Networking */,
				030315DE2B246D5700D2044A /* Models */,
				030315DD2B246D4400D2044A /* ViewModels */,
				03EF0F952B227803000D78F0 /* Views */,
				266BFA5F2B2275840063C68B /* DietiDeals24App.swift */,
				0322F2642B863DC800F359CC /* SessionManager.swift */,
				266043532B9CBCA000FAC47A /* PhotoManager.swift */,
			);
			path = Source;
			sourceTree = "<group>";
		};
		265B001D2BBDD1D100C03C1C /* LoginSignup */ = {
			isa = PBXGroup;
			children = (
				26B510262BBDCE93002D6FFE /* LoginViewModel.swift */,
				263BA78C2B9627C700DE0B68 /* SignUpViewModel.swift */,
			);
			path = LoginSignup;
			sourceTree = "<group>";
		};
		266ADA3D2B5C25FD0001AC1C /* CreateAuctions */ = {
			isa = PBXGroup;
			children = (
				038407722B3F0CAF00CD9501 /* CreateIncrementalAuctionView.swift */,
				038407702B3F0C8F00CD9501 /* CreateFixedTimeAuctionView.swift */,
			);
			path = CreateAuctions;
			sourceTree = "<group>";
		};
		266BFA532B2275830063C68B = {
			isa = PBXGroup;
			children = (
				032F929D2B7FAF69002621BD /* amplify */,
				032F929C2B7FAF69002621BD /* amplifyconfiguration.json */,
				032F929E2B7FAF69002621BD /* awsconfiguration.json */,
				266BFA5E2B2275840063C68B /* DietiDeals24 */,
				266BFA6F2B2275850063C68B /* DietiDeals24Tests */,
				266BFA5D2B2275840063C68B /* Products */,
			);
			sourceTree = "<group>";
		};
		266BFA5D2B2275840063C68B /* Products */ = {
			isa = PBXGroup;
			children = (
				266BFA5C2B2275840063C68B /* DietiDeals24.app */,
				266BFA6C2B2275850063C68B /* DietiDeals24Tests.xctest */,
				266BFA762B2275850063C68B /* DietiDeals24UITests.xctest */,
			);
			name = Products;
			sourceTree = "<group>";
		};
		266BFA5E2B2275840063C68B /* DietiDeals24 */ = {
			isa = PBXGroup;
			children = (
				2624AE9A2B6F35BE00EBDB88 /* Source */,
				266BFA652B2275850063C68B /* Preview Content */,
			);
			path = DietiDeals24;
			sourceTree = "<group>";
		};
		266BFA652B2275850063C68B /* Preview Content */ = {
			isa = PBXGroup;
			children = (
				266BFA632B2275850063C68B /* Assets.xcassets */,
				266BFA662B2275850063C68B /* Preview Assets.xcassets */,
			);
			path = "Preview Content";
			sourceTree = "<group>";
		};
		266BFA6F2B2275850063C68B /* DietiDeals24Tests */ = {
			isa = PBXGroup;
			children = (
				266BFA702B2275850063C68B /* DietiDeals24Tests.swift */,
			);
			path = DietiDeals24Tests;
			sourceTree = "<group>";
		};
/* End PBXGroup section */

/* Begin PBXNativeTarget section */
		266BFA5B2B2275840063C68B /* DietiDeals24 */ = {
			isa = PBXNativeTarget;
			buildConfigurationList = 266BFA802B2275850063C68B /* Build configuration list for PBXNativeTarget "DietiDeals24" */;
			buildPhases = (
				266BFA582B2275840063C68B /* Sources */,
				266BFA592B2275840063C68B /* Frameworks */,
				266BFA5A2B2275840063C68B /* Resources */,
			);
			buildRules = (
			);
			dependencies = (
			);
			name = DietiDeals24;
			packageProductDependencies = (
				034606DD2B2F305700BA9295 /* Algorithms */,
				268F43182B6D49C500F43B24 /* Alamofire */,
				0301F89E2B7FAE93008BDC5E /* AWSAPIPlugin */,
				0301F8A02B7FAE93008BDC5E /* AWSCognitoAuthPlugin */,
				0301F8A22B7FAE93008BDC5E /* AWSS3StoragePlugin */,
				0301F8A42B7FAE93008BDC5E /* Amplify */,
			);
			productName = DietiDeals24X;
			productReference = 266BFA5C2B2275840063C68B /* DietiDeals24.app */;
			productType = "com.apple.product-type.application";
		};
		266BFA6B2B2275850063C68B /* DietiDeals24Tests */ = {
			isa = PBXNativeTarget;
			buildConfigurationList = 266BFA832B2275850063C68B /* Build configuration list for PBXNativeTarget "DietiDeals24Tests" */;
			buildPhases = (
				266BFA682B2275850063C68B /* Sources */,
				266BFA692B2275850063C68B /* Frameworks */,
				266BFA6A2B2275850063C68B /* Resources */,
			);
			buildRules = (
			);
			dependencies = (
				266BFA6E2B2275850063C68B /* PBXTargetDependency */,
			);
			name = DietiDeals24Tests;
			productName = DietiDeals24XTests;
			productReference = 266BFA6C2B2275850063C68B /* DietiDeals24Tests.xctest */;
			productType = "com.apple.product-type.bundle.unit-test";
		};
		266BFA752B2275850063C68B /* DietiDeals24UITests */ = {
			isa = PBXNativeTarget;
			buildConfigurationList = 266BFA862B2275850063C68B /* Build configuration list for PBXNativeTarget "DietiDeals24UITests" */;
			buildPhases = (
				266BFA722B2275850063C68B /* Sources */,
				266BFA732B2275850063C68B /* Frameworks */,
				266BFA742B2275850063C68B /* Resources */,
			);
			buildRules = (
			);
			dependencies = (
				266BFA782B2275850063C68B /* PBXTargetDependency */,
			);
			name = DietiDeals24UITests;
			productName = DietiDeals24XUITests;
			productReference = 266BFA762B2275850063C68B /* DietiDeals24UITests.xctest */;
			productType = "com.apple.product-type.bundle.ui-testing";
		};
/* End PBXNativeTarget section */

/* Begin PBXProject section */
		266BFA542B2275830063C68B /* Project object */ = {
			isa = PBXProject;
			attributes = {
				BuildIndependentTargetsInParallel = 1;
				LastSwiftUpdateCheck = 1500;
				LastUpgradeCheck = 1500;
				TargetAttributes = {
					266BFA5B2B2275840063C68B = {
						CreatedOnToolsVersion = 15.0.1;
					};
					266BFA6B2B2275850063C68B = {
						CreatedOnToolsVersion = 15.0.1;
						TestTargetID = 266BFA5B2B2275840063C68B;
					};
					266BFA752B2275850063C68B = {
						CreatedOnToolsVersion = 15.0.1;
						TestTargetID = 266BFA5B2B2275840063C68B;
					};
				};
			};
			buildConfigurationList = 266BFA572B2275830063C68B /* Build configuration list for PBXProject "client" */;
			compatibilityVersion = "Xcode 14.0";
			developmentRegion = en;
			hasScannedForEncodings = 0;
			knownRegions = (
				en,
				Base,
			);
			mainGroup = 266BFA532B2275830063C68B;
			packageReferences = (
				034606DC2B2F305700BA9295 /* XCRemoteSwiftPackageReference "swift-algorithms" */,
				268F43172B6D49C500F43B24 /* XCRemoteSwiftPackageReference "Alamofire" */,
				0301F89D2B7FAE93008BDC5E /* XCRemoteSwiftPackageReference "amplify-swift" */,
			);
			productRefGroup = 266BFA5D2B2275840063C68B /* Products */;
			projectDirPath = "";
			projectRoot = "";
			targets = (
				266BFA5B2B2275840063C68B /* DietiDeals24 */,
				266BFA6B2B2275850063C68B /* DietiDeals24Tests */,
				266BFA752B2275850063C68B /* DietiDeals24UITests */,
			);
		};
/* End PBXProject section */

/* Begin PBXResourcesBuildPhase section */
		266BFA5A2B2275840063C68B /* Resources */ = {
			isa = PBXResourcesBuildPhase;
			buildActionMask = 2147483647;
			files = (
				032F92A12B7FAF69002621BD /* awsconfiguration.json in Resources */,
				266BFA672B2275850063C68B /* Preview Assets.xcassets in Resources */,
				032F92A02B7FAF69002621BD /* amplify in Resources */,
				032F929F2B7FAF69002621BD /* amplifyconfiguration.json in Resources */,
				266BFA642B2275850063C68B /* Assets.xcassets in Resources */,
			);
			runOnlyForDeploymentPostprocessing = 0;
		};
		266BFA6A2B2275850063C68B /* Resources */ = {
			isa = PBXResourcesBuildPhase;
			buildActionMask = 2147483647;
			files = (
			);
			runOnlyForDeploymentPostprocessing = 0;
		};
		266BFA742B2275850063C68B /* Resources */ = {
			isa = PBXResourcesBuildPhase;
			buildActionMask = 2147483647;
			files = (
			);
			runOnlyForDeploymentPostprocessing = 0;
		};
/* End PBXResourcesBuildPhase section */

/* Begin PBXSourcesBuildPhase section */
		266BFA582B2275840063C68B /* Sources */ = {
			isa = PBXSourcesBuildPhase;
			buildActionMask = 2147483647;
			files = (
				035872CF2B61602600C3AEFC /* Seller.swift in Sources */,
				038407752B3F0D0000CD9501 /* AuctionView.swift in Sources */,
				035872CD2B615E7E00C3AEFC /* Account.swift in Sources */,
				26D219872B26164600942747 /* MyAuctionsView.swift in Sources */,
				26DEF6FF2B237B8000700AC1 /* Buttons.swift in Sources */,
				2652882E2B30972C001A4AB9 /* SettingsView.swift in Sources */,
				2620C0242B61832300B9DC44 /* AuctionViewModel.swift in Sources */,
				032B9B7A2B2C7585005566A6 /* EditProfileSheetView.swift in Sources */,
				2608821F2B6DA48400C67B9D /* NotificationAPI.swift in Sources */,
				2608823B2B6DBBBF00C67B9D /* SocialLinkRequest.swift in Sources */,
				2620C0302B6183FD00B9DC44 /* SettingsViewModel.swift in Sources */,
				265976622B5AF4F500A6745A /* PersonalizedSheetView.swift in Sources */,
				260882362B6DBBBF00C67B9D /* AuthenticationRequest.swift in Sources */,
				266BFA622B2275840063C68B /* LoginView.swift in Sources */,
				2620C02E2B6183EC00B9DC44 /* MyAuctionsViewModel.swift in Sources */,
				263BA78D2B9627C700DE0B68 /* SignUpViewModel.swift in Sources */,
				26B65A212B6BF50C00FED1CB /* HomeView.swift in Sources */,
				26B510252BBDCBD8002D6FFE /* ImagePicker.swift in Sources */,
				03A33EE72B2311DD00C5A302 /* SignUpView.swift in Sources */,
				033A76672B2DF36A0032052E /* NotificationView.swift in Sources */,
				03A6EE812B235D2500163DB6 /* TextField.swift in Sources */,
				038407712B3F0C9000CD9501 /* CreateFixedTimeAuctionView.swift in Sources */,
				2620C0262B61839C00B9DC44 /* NotificationViewModel.swift in Sources */,
				260882412B6DD1EC00C67B9D /* AccountAPI.swift in Sources */,
				2608821D2B6DA43B00C67B9D /* BuyerAPI.swift in Sources */,
				035872D12B61603500C3AEFC /* Buyer.swift in Sources */,
				2608823A2B6DBBBF00C67B9D /* BuyerRequest.swift in Sources */,
				260882272B6DA55900C67B9D /* BetAPI.swift in Sources */,
				038407732B3F0CAF00CD9501 /* CreateIncrementalAuctionView.swift in Sources */,
				2608823C2B6DBBBF00C67B9D /* AuctionRequest.swift in Sources */,
				2620C0202B6176A800B9DC44 /* CreateFixedTimeAuctionViewModel.swift in Sources */,
				260882392B6DBBBF00C67B9D /* NotificationRequest.swift in Sources */,
				2620C0222B6176F500B9DC44 /* CreateIncrementalAuctionViewModel.swift in Sources */,
				266043542B9CBCA000FAC47A /* PhotoManager.swift in Sources */,
				033825A82B260E23008AFC3D /* TabBarHomeView.swift in Sources */,
				035872D32B61615400C3AEFC /* Notification.swift in Sources */,
				0322F2652B863DC800F359CC /* SessionManager.swift in Sources */,
				260882372B6DBBBF00C67B9D /* BetRequest.swift in Sources */,
				260882212B6DA4D300C67B9D /* SocialLinkAPI.swift in Sources */,
				03123C2C2B318D8300CD7FB5 /* infoAuctionsView.swift in Sources */,
				032B9B762B2C4CBB005566A6 /* ProfileView.swift in Sources */,
				260882432B6DD36600C67B9D /* Utils.swift in Sources */,
				2608823D2B6DBBBF00C67B9D /* SellerRequest.swift in Sources */,
				260882292B6DAB8F00C67B9D /* ConfigurationNetworking.swift in Sources */,
				26B510272BBDCE93002D6FFE /* LoginViewModel.swift in Sources */,
				2620C02C2B6183D500B9DC44 /* HomeViewModel.swift in Sources */,
				030315E12B246DA400D2044A /* Auction.swift in Sources */,
				035872D52B61653A00C3AEFC /* SocialLink.swift in Sources */,
				2620C0282B6183B100B9DC44 /* ProfileViewModel.swift in Sources */,
				2608822B2B6DAD9800C67B9D /* AuthenticationAPI.swift in Sources */,
				266BFA602B2275840063C68B /* DietiDeals24App.swift in Sources */,
				2608821B2B6DA22500C67B9D /* SellerAPI.swift in Sources */,
				2624AE9C2B6F3DF000EBDB88 /* AccountRequest.swift in Sources */,
				260882232B6DA4E900C67B9D /* AuctionAPI.swift in Sources */,
				03A6EE832B235DBB00163DB6 /* SocialLogin.swift in Sources */,
				035872D92B616D7200C3AEFC /* Bet.swift in Sources */,
				2620C02A2B6183C300B9DC44 /* EditProfileViewModel.swift in Sources */,
			);
			runOnlyForDeploymentPostprocessing = 0;
		};
		266BFA682B2275850063C68B /* Sources */ = {
			isa = PBXSourcesBuildPhase;
			buildActionMask = 2147483647;
			files = (
				266BFA712B2275850063C68B /* DietiDeals24Tests.swift in Sources */,
			);
			runOnlyForDeploymentPostprocessing = 0;
		};
		266BFA722B2275850063C68B /* Sources */ = {
			isa = PBXSourcesBuildPhase;
			buildActionMask = 2147483647;
			files = (
			);
			runOnlyForDeploymentPostprocessing = 0;
		};
/* End PBXSourcesBuildPhase section */

/* Begin PBXTargetDependency section */
		266BFA6E2B2275850063C68B /* PBXTargetDependency */ = {
			isa = PBXTargetDependency;
			target = 266BFA5B2B2275840063C68B /* DietiDeals24 */;
			targetProxy = 266BFA6D2B2275850063C68B /* PBXContainerItemProxy */;
		};
		266BFA782B2275850063C68B /* PBXTargetDependency */ = {
			isa = PBXTargetDependency;
			target = 266BFA5B2B2275840063C68B /* DietiDeals24 */;
			targetProxy = 266BFA772B2275850063C68B /* PBXContainerItemProxy */;
		};
/* End PBXTargetDependency section */

/* Begin XCBuildConfiguration section */
		266BFA7E2B2275850063C68B /* Debug */ = {
			isa = XCBuildConfiguration;
			buildSettings = {
				ALWAYS_SEARCH_USER_PATHS = NO;
				ASSETCATALOG_COMPILER_GENERATE_SWIFT_ASSET_SYMBOL_EXTENSIONS = YES;
				CLANG_ANALYZER_NONNULL = YES;
				CLANG_ANALYZER_NUMBER_OBJECT_CONVERSION = YES_AGGRESSIVE;
				CLANG_CXX_LANGUAGE_STANDARD = "gnu++20";
				CLANG_ENABLE_MODULES = YES;
				CLANG_ENABLE_OBJC_ARC = YES;
				CLANG_ENABLE_OBJC_WEAK = YES;
				CLANG_WARN_BLOCK_CAPTURE_AUTORELEASING = YES;
				CLANG_WARN_BOOL_CONVERSION = YES;
				CLANG_WARN_COMMA = YES;
				CLANG_WARN_CONSTANT_CONVERSION = YES;
				CLANG_WARN_DEPRECATED_OBJC_IMPLEMENTATIONS = YES;
				CLANG_WARN_DIRECT_OBJC_ISA_USAGE = YES_ERROR;
				CLANG_WARN_DOCUMENTATION_COMMENTS = YES;
				CLANG_WARN_EMPTY_BODY = YES;
				CLANG_WARN_ENUM_CONVERSION = YES;
				CLANG_WARN_INFINITE_RECURSION = YES;
				CLANG_WARN_INT_CONVERSION = YES;
				CLANG_WARN_NON_LITERAL_NULL_CONVERSION = YES;
				CLANG_WARN_OBJC_IMPLICIT_RETAIN_SELF = YES;
				CLANG_WARN_OBJC_LITERAL_CONVERSION = YES;
				CLANG_WARN_OBJC_ROOT_CLASS = YES_ERROR;
				CLANG_WARN_QUOTED_INCLUDE_IN_FRAMEWORK_HEADER = YES;
				CLANG_WARN_RANGE_LOOP_ANALYSIS = YES;
				CLANG_WARN_STRICT_PROTOTYPES = YES;
				CLANG_WARN_SUSPICIOUS_MOVE = YES;
				CLANG_WARN_UNGUARDED_AVAILABILITY = YES_AGGRESSIVE;
				CLANG_WARN_UNREACHABLE_CODE = YES;
				CLANG_WARN__DUPLICATE_METHOD_MATCH = YES;
				COPY_PHASE_STRIP = NO;
				DEBUG_INFORMATION_FORMAT = dwarf;
				ENABLE_STRICT_OBJC_MSGSEND = YES;
				ENABLE_TESTABILITY = YES;
				ENABLE_USER_SCRIPT_SANDBOXING = YES;
				GCC_C_LANGUAGE_STANDARD = gnu17;
				GCC_DYNAMIC_NO_PIC = NO;
				GCC_NO_COMMON_BLOCKS = YES;
				GCC_OPTIMIZATION_LEVEL = 0;
				GCC_PREPROCESSOR_DEFINITIONS = (
					"DEBUG=1",
					"$(inherited)",
				);
				GCC_WARN_64_TO_32_BIT_CONVERSION = YES;
				GCC_WARN_ABOUT_RETURN_TYPE = YES_ERROR;
				GCC_WARN_UNDECLARED_SELECTOR = YES;
				GCC_WARN_UNINITIALIZED_AUTOS = YES_AGGRESSIVE;
				GCC_WARN_UNUSED_FUNCTION = YES;
				GCC_WARN_UNUSED_VARIABLE = YES;
				IPHONEOS_DEPLOYMENT_TARGET = 17.0;
				LOCALIZATION_PREFERS_STRING_CATALOGS = YES;
				MTL_ENABLE_DEBUG_INFO = INCLUDE_SOURCE;
				MTL_FAST_MATH = YES;
				ONLY_ACTIVE_ARCH = YES;
				SDKROOT = iphoneos;
				SWIFT_ACTIVE_COMPILATION_CONDITIONS = "DEBUG $(inherited)";
				SWIFT_OPTIMIZATION_LEVEL = "-Onone";
			};
			name = Debug;
		};
		266BFA7F2B2275850063C68B /* Release */ = {
			isa = XCBuildConfiguration;
			buildSettings = {
				ALWAYS_SEARCH_USER_PATHS = NO;
				ASSETCATALOG_COMPILER_GENERATE_SWIFT_ASSET_SYMBOL_EXTENSIONS = YES;
				CLANG_ANALYZER_NONNULL = YES;
				CLANG_ANALYZER_NUMBER_OBJECT_CONVERSION = YES_AGGRESSIVE;
				CLANG_CXX_LANGUAGE_STANDARD = "gnu++20";
				CLANG_ENABLE_MODULES = YES;
				CLANG_ENABLE_OBJC_ARC = YES;
				CLANG_ENABLE_OBJC_WEAK = YES;
				CLANG_WARN_BLOCK_CAPTURE_AUTORELEASING = YES;
				CLANG_WARN_BOOL_CONVERSION = YES;
				CLANG_WARN_COMMA = YES;
				CLANG_WARN_CONSTANT_CONVERSION = YES;
				CLANG_WARN_DEPRECATED_OBJC_IMPLEMENTATIONS = YES;
				CLANG_WARN_DIRECT_OBJC_ISA_USAGE = YES_ERROR;
				CLANG_WARN_DOCUMENTATION_COMMENTS = YES;
				CLANG_WARN_EMPTY_BODY = YES;
				CLANG_WARN_ENUM_CONVERSION = YES;
				CLANG_WARN_INFINITE_RECURSION = YES;
				CLANG_WARN_INT_CONVERSION = YES;
				CLANG_WARN_NON_LITERAL_NULL_CONVERSION = YES;
				CLANG_WARN_OBJC_IMPLICIT_RETAIN_SELF = YES;
				CLANG_WARN_OBJC_LITERAL_CONVERSION = YES;
				CLANG_WARN_OBJC_ROOT_CLASS = YES_ERROR;
				CLANG_WARN_QUOTED_INCLUDE_IN_FRAMEWORK_HEADER = YES;
				CLANG_WARN_RANGE_LOOP_ANALYSIS = YES;
				CLANG_WARN_STRICT_PROTOTYPES = YES;
				CLANG_WARN_SUSPICIOUS_MOVE = YES;
				CLANG_WARN_UNGUARDED_AVAILABILITY = YES_AGGRESSIVE;
				CLANG_WARN_UNREACHABLE_CODE = YES;
				CLANG_WARN__DUPLICATE_METHOD_MATCH = YES;
				COPY_PHASE_STRIP = NO;
				DEBUG_INFORMATION_FORMAT = "dwarf-with-dsym";
				ENABLE_NS_ASSERTIONS = NO;
				ENABLE_STRICT_OBJC_MSGSEND = YES;
				ENABLE_USER_SCRIPT_SANDBOXING = YES;
				GCC_C_LANGUAGE_STANDARD = gnu17;
				GCC_NO_COMMON_BLOCKS = YES;
				GCC_WARN_64_TO_32_BIT_CONVERSION = YES;
				GCC_WARN_ABOUT_RETURN_TYPE = YES_ERROR;
				GCC_WARN_UNDECLARED_SELECTOR = YES;
				GCC_WARN_UNINITIALIZED_AUTOS = YES_AGGRESSIVE;
				GCC_WARN_UNUSED_FUNCTION = YES;
				GCC_WARN_UNUSED_VARIABLE = YES;
				IPHONEOS_DEPLOYMENT_TARGET = 17.0;
				LOCALIZATION_PREFERS_STRING_CATALOGS = YES;
				MTL_ENABLE_DEBUG_INFO = NO;
				MTL_FAST_MATH = YES;
				SDKROOT = iphoneos;
				SWIFT_COMPILATION_MODE = wholemodule;
				VALIDATE_PRODUCT = YES;
			};
			name = Release;
		};
		266BFA812B2275850063C68B /* Debug */ = {
			isa = XCBuildConfiguration;
			buildSettings = {
				ASSETCATALOG_COMPILER_APPICON_NAME = AppIcon;
				ASSETCATALOG_COMPILER_GLOBAL_ACCENT_COLOR_NAME = AccentColor;
				CODE_SIGN_IDENTITY = "Apple Development";
				CODE_SIGN_STYLE = Automatic;
				CURRENT_PROJECT_VERSION = 1;
				DEVELOPMENT_ASSET_PATHS = "\"DietiDeals24/Preview Content\"";
				DEVELOPMENT_TEAM = S4BQYWPVVW;
				ENABLE_PREVIEWS = YES;
				GENERATE_INFOPLIST_FILE = YES;
				INFOPLIST_KEY_UIApplicationSceneManifest_Generation = YES;
				INFOPLIST_KEY_UIApplicationSupportsIndirectInputEvents = YES;
				INFOPLIST_KEY_UILaunchScreen_Generation = YES;
				INFOPLIST_KEY_UISupportedInterfaceOrientations_iPad = "UIInterfaceOrientationPortrait UIInterfaceOrientationPortraitUpsideDown UIInterfaceOrientationLandscapeLeft UIInterfaceOrientationLandscapeRight";
				INFOPLIST_KEY_UISupportedInterfaceOrientations_iPhone = "UIInterfaceOrientationPortrait UIInterfaceOrientationLandscapeLeft UIInterfaceOrientationLandscapeRight";
				LD_RUNPATH_SEARCH_PATHS = (
					"$(inherited)",
					"@executable_path/Frameworks",
				);
				MARKETING_VERSION = 1.0;
				PRODUCT_BUNDLE_IDENTIFIER = capocchiaVoloante;
				PRODUCT_NAME = "$(TARGET_NAME)";
				PROVISIONING_PROFILE_SPECIFIER = "";
				SWIFT_EMIT_LOC_STRINGS = YES;
				SWIFT_VERSION = 5.0;
				TARGETED_DEVICE_FAMILY = "1,2";
			};
			name = Debug;
		};
		266BFA822B2275850063C68B /* Release */ = {
			isa = XCBuildConfiguration;
			buildSettings = {
				ASSETCATALOG_COMPILER_APPICON_NAME = AppIcon;
				ASSETCATALOG_COMPILER_GLOBAL_ACCENT_COLOR_NAME = AccentColor;
				CODE_SIGN_IDENTITY = "Apple Development";
				CODE_SIGN_STYLE = Automatic;
				CURRENT_PROJECT_VERSION = 1;
				DEVELOPMENT_ASSET_PATHS = "\"DietiDeals24/Preview Content\"";
				DEVELOPMENT_TEAM = S4BQYWPVVW;
				ENABLE_PREVIEWS = YES;
				GENERATE_INFOPLIST_FILE = YES;
				INFOPLIST_KEY_UIApplicationSceneManifest_Generation = YES;
				INFOPLIST_KEY_UIApplicationSupportsIndirectInputEvents = YES;
				INFOPLIST_KEY_UILaunchScreen_Generation = YES;
				INFOPLIST_KEY_UISupportedInterfaceOrientations_iPad = "UIInterfaceOrientationPortrait UIInterfaceOrientationPortraitUpsideDown UIInterfaceOrientationLandscapeLeft UIInterfaceOrientationLandscapeRight";
				INFOPLIST_KEY_UISupportedInterfaceOrientations_iPhone = "UIInterfaceOrientationPortrait UIInterfaceOrientationLandscapeLeft UIInterfaceOrientationLandscapeRight";
				LD_RUNPATH_SEARCH_PATHS = (
					"$(inherited)",
					"@executable_path/Frameworks",
				);
				MARKETING_VERSION = 1.0;
				PRODUCT_BUNDLE_IDENTIFIER = capocchiaVoloante;
				PRODUCT_NAME = "$(TARGET_NAME)";
				PROVISIONING_PROFILE_SPECIFIER = "";
				SWIFT_EMIT_LOC_STRINGS = YES;
				SWIFT_VERSION = 5.0;
				TARGETED_DEVICE_FAMILY = "1,2";
			};
			name = Release;
		};
		266BFA842B2275850063C68B /* Debug */ = {
			isa = XCBuildConfiguration;
			buildSettings = {
				ALWAYS_EMBED_SWIFT_STANDARD_LIBRARIES = YES;
				BUNDLE_LOADER = "$(TEST_HOST)";
				CODE_SIGN_STYLE = Automatic;
				CURRENT_PROJECT_VERSION = 1;
				DEVELOPMENT_TEAM = N6VGMQT332;
				GENERATE_INFOPLIST_FILE = YES;
				IPHONEOS_DEPLOYMENT_TARGET = 17.0;
				MARKETING_VERSION = 1.0;
				PRODUCT_BUNDLE_IDENTIFIER = DietiDeals24Teams.DietiDeals24XTests;
				PRODUCT_NAME = "$(TARGET_NAME)";
				SWIFT_EMIT_LOC_STRINGS = NO;
				SWIFT_VERSION = 5.0;
				TARGETED_DEVICE_FAMILY = "1,2";
				TEST_HOST = "$(BUILT_PRODUCTS_DIR)/DietiDeals24X.app/$(BUNDLE_EXECUTABLE_FOLDER_PATH)/DietiDeals24X";
			};
			name = Debug;
		};
		266BFA852B2275850063C68B /* Release */ = {
			isa = XCBuildConfiguration;
			buildSettings = {
				ALWAYS_EMBED_SWIFT_STANDARD_LIBRARIES = YES;
				BUNDLE_LOADER = "$(TEST_HOST)";
				CODE_SIGN_STYLE = Automatic;
				CURRENT_PROJECT_VERSION = 1;
				DEVELOPMENT_TEAM = N6VGMQT332;
				GENERATE_INFOPLIST_FILE = YES;
				IPHONEOS_DEPLOYMENT_TARGET = 17.0;
				MARKETING_VERSION = 1.0;
				PRODUCT_BUNDLE_IDENTIFIER = DietiDeals24Teams.DietiDeals24XTests;
				PRODUCT_NAME = "$(TARGET_NAME)";
				SWIFT_EMIT_LOC_STRINGS = NO;
				SWIFT_VERSION = 5.0;
				TARGETED_DEVICE_FAMILY = "1,2";
				TEST_HOST = "$(BUILT_PRODUCTS_DIR)/DietiDeals24X.app/$(BUNDLE_EXECUTABLE_FOLDER_PATH)/DietiDeals24X";
			};
			name = Release;
		};
		266BFA872B2275850063C68B /* Debug */ = {
			isa = XCBuildConfiguration;
			buildSettings = {
				ALWAYS_EMBED_SWIFT_STANDARD_LIBRARIES = YES;
				CODE_SIGN_STYLE = Automatic;
				CURRENT_PROJECT_VERSION = 1;
				DEVELOPMENT_TEAM = N6VGMQT332;
				GENERATE_INFOPLIST_FILE = YES;
				MARKETING_VERSION = 1.0;
				PRODUCT_BUNDLE_IDENTIFIER = DietiDeals24Teams.DietiDeals24XUITests;
				PRODUCT_NAME = "$(TARGET_NAME)";
				SWIFT_EMIT_LOC_STRINGS = NO;
				SWIFT_VERSION = 5.0;
				TARGETED_DEVICE_FAMILY = "1,2";
				TEST_TARGET_NAME = DietiDeals24X;
			};
			name = Debug;
		};
		266BFA882B2275850063C68B /* Release */ = {
			isa = XCBuildConfiguration;
			buildSettings = {
				ALWAYS_EMBED_SWIFT_STANDARD_LIBRARIES = YES;
				CODE_SIGN_STYLE = Automatic;
				CURRENT_PROJECT_VERSION = 1;
				DEVELOPMENT_TEAM = N6VGMQT332;
				GENERATE_INFOPLIST_FILE = YES;
				MARKETING_VERSION = 1.0;
				PRODUCT_BUNDLE_IDENTIFIER = DietiDeals24Teams.DietiDeals24XUITests;
				PRODUCT_NAME = "$(TARGET_NAME)";
				SWIFT_EMIT_LOC_STRINGS = NO;
				SWIFT_VERSION = 5.0;
				TARGETED_DEVICE_FAMILY = "1,2";
				TEST_TARGET_NAME = DietiDeals24X;
			};
			name = Release;
		};
/* End XCBuildConfiguration section */

/* Begin XCConfigurationList section */
		266BFA572B2275830063C68B /* Build configuration list for PBXProject "client" */ = {
			isa = XCConfigurationList;
			buildConfigurations = (
				266BFA7E2B2275850063C68B /* Debug */,
				266BFA7F2B2275850063C68B /* Release */,
			);
			defaultConfigurationIsVisible = 0;
			defaultConfigurationName = Release;
		};
		266BFA802B2275850063C68B /* Build configuration list for PBXNativeTarget "DietiDeals24" */ = {
			isa = XCConfigurationList;
			buildConfigurations = (
				266BFA812B2275850063C68B /* Debug */,
				266BFA822B2275850063C68B /* Release */,
			);
			defaultConfigurationIsVisible = 0;
			defaultConfigurationName = Release;
		};
		266BFA832B2275850063C68B /* Build configuration list for PBXNativeTarget "DietiDeals24Tests" */ = {
			isa = XCConfigurationList;
			buildConfigurations = (
				266BFA842B2275850063C68B /* Debug */,
				266BFA852B2275850063C68B /* Release */,
			);
			defaultConfigurationIsVisible = 0;
			defaultConfigurationName = Release;
		};
		266BFA862B2275850063C68B /* Build configuration list for PBXNativeTarget "DietiDeals24UITests" */ = {
			isa = XCConfigurationList;
			buildConfigurations = (
				266BFA872B2275850063C68B /* Debug */,
				266BFA882B2275850063C68B /* Release */,
			);
			defaultConfigurationIsVisible = 0;
			defaultConfigurationName = Release;
		};
/* End XCConfigurationList section */

/* Begin XCRemoteSwiftPackageReference section */
		0301F89D2B7FAE93008BDC5E /* XCRemoteSwiftPackageReference "amplify-swift" */ = {
			isa = XCRemoteSwiftPackageReference;
			repositoryURL = "https://github.com/aws-amplify/amplify-swift.git";
			requirement = {
				kind = upToNextMajorVersion;
				minimumVersion = 2.26.2;
			};
		};
		034606DC2B2F305700BA9295 /* XCRemoteSwiftPackageReference "swift-algorithms" */ = {
			isa = XCRemoteSwiftPackageReference;
			repositoryURL = "https://github.com/apple/swift-algorithms.git";
			requirement = {
				kind = upToNextMajorVersion;
				minimumVersion = 1.2.0;
			};
		};
		268F43172B6D49C500F43B24 /* XCRemoteSwiftPackageReference "Alamofire" */ = {
			isa = XCRemoteSwiftPackageReference;
			repositoryURL = "https://github.com/Alamofire/Alamofire.git";
			requirement = {
				kind = upToNextMajorVersion;
				minimumVersion = 5.8.1;
			};
		};
/* End XCRemoteSwiftPackageReference section */

/* Begin XCSwiftPackageProductDependency section */
		0301F89E2B7FAE93008BDC5E /* AWSAPIPlugin */ = {
			isa = XCSwiftPackageProductDependency;
			package = 0301F89D2B7FAE93008BDC5E /* XCRemoteSwiftPackageReference "amplify-swift" */;
			productName = AWSAPIPlugin;
		};
		0301F8A02B7FAE93008BDC5E /* AWSCognitoAuthPlugin */ = {
			isa = XCSwiftPackageProductDependency;
			package = 0301F89D2B7FAE93008BDC5E /* XCRemoteSwiftPackageReference "amplify-swift" */;
			productName = AWSCognitoAuthPlugin;
		};
		0301F8A22B7FAE93008BDC5E /* AWSS3StoragePlugin */ = {
			isa = XCSwiftPackageProductDependency;
			package = 0301F89D2B7FAE93008BDC5E /* XCRemoteSwiftPackageReference "amplify-swift" */;
			productName = AWSS3StoragePlugin;
		};
		0301F8A42B7FAE93008BDC5E /* Amplify */ = {
			isa = XCSwiftPackageProductDependency;
			package = 0301F89D2B7FAE93008BDC5E /* XCRemoteSwiftPackageReference "amplify-swift" */;
			productName = Amplify;
		};
		034606DD2B2F305700BA9295 /* Algorithms */ = {
			isa = XCSwiftPackageProductDependency;
			package = 034606DC2B2F305700BA9295 /* XCRemoteSwiftPackageReference "swift-algorithms" */;
			productName = Algorithms;
		};
		268F43182B6D49C500F43B24 /* Alamofire */ = {
			isa = XCSwiftPackageProductDependency;
			package = 268F43172B6D49C500F43B24 /* XCRemoteSwiftPackageReference "Alamofire" */;
			productName = Alamofire;
		};
/* End XCSwiftPackageProductDependency section */
	};
	rootObject = 266BFA542B2275830063C68B /* Project object */;
}
